
Microsoft Visual Studio Solution File, Format Version 12.00
# Visual Studio for Mac
Project("{FAE04EC0-301F-11D3-BF4B-00C04F79EFBC}") = "Assembly-CSharp", "Assembly-CSharp.csproj", "{CBF089AB-CBB5-1870-552D-3D2B5F0DAB1B}"
EndProject
Project("{FAE04EC0-301F-11D3-BF4B-00C04F79EFBC}") = "Assembly-CSharp-Editor", "Assembly-CSharp-Editor.csproj", "{93790F95-1AE5-1F39-6F76-01A65897FD45}"
EndProject
Global
	GlobalSection(SolutionConfigurationPlatforms) = preSolution
		Debug|Any CPU = Debug|Any CPU
		Release|Any CPU = Release|Any CPU
	EndGlobalSection
	GlobalSection(ProjectConfigurationPlatforms) = postSolution
		{CBF089AB-CBB5-1870-552D-3D2B5F0DAB1B}.Debug|Any CPU.ActiveCfg = Debug|Any CPU
		{CBF089AB-CBB5-1870-552D-3D2B5F0DAB1B}.Debug|Any CPU.Build.0 = Debug|Any CPU
		{CBF089AB-CBB5-1870-552D-3D2B5F0DAB1B}.Release|Any CPU.ActiveCfg = Release|Any CPU
		{CBF089AB-CBB5-1870-552D-3D2B5F0DAB1B}.Release|Any CPU.Build.0 = Release|Any CPU
		{93790F95-1AE5-1F39-6F76-01A65897FD45}.Debug|Any CPU.ActiveCfg = Debug|Any CPU
		{93790F95-1AE5-1F39-6F76-01A65897FD45}.Debug|Any CPU.Build.0 = Debug|Any CPU
		{93790F95-1AE5-1F39-6F76-01A65897FD45}.Release|Any CPU.ActiveCfg = Release|Any CPU
		{93790F95-1AE5-1F39-6F76-01A65897FD45}.Release|Any CPU.Build.0 = Release|Any CPU
	EndGlobalSection
	GlobalSection(SolutionProperties) = preSolution
		HideSolutionNode = FALSE
	EndGlobalSection
EndGlobal
